
Microsoft Visual Studio Solution File, Format Version 12.00
# Visual Studio Version 17
VisualStudioVersion = 17.14.36414.22 d17.14
MinimumVisualStudioVersion = 10.0.40219.1
Project("{FAE04EC0-301F-11D3-BF4B-00C04F79EFBC}") = "test", "test\test.csproj", "{114FE2AF-D808-4C0C-B5C6-75725DCBCB58}"
EndProject
Global
	GlobalSection(SolutionConfigurationPlatforms) = preSolution
		Debug|Any CPU = Debug|Any CPU
		Release|Any CPU = Release|Any CPU
	EndGlobalSection
	GlobalSection(ProjectConfigurationPlatforms) = postSolution
		{114FE2AF-D808-4C0C-B5C6-75725DCBCB58}.Debug|Any CPU.ActiveCfg = Debug|Any CPU
		{114FE2AF-D808-4C0C-B5C6-75725DCBCB58}.Debug|Any CPU.Build.0 = Debug|Any CPU
		{114FE2AF-D808-4C0C-B5C6-75725DCBCB58}.Release|Any CPU.ActiveCfg = Release|Any CPU
		{114FE2AF-D808-4C0C-B5C6-75725DCBCB58}.Release|Any CPU.Build.0 = Release|Any CPU
	EndGlobalSection
	GlobalSection(SolutionProperties) = preSolution
		HideSolutionNode = FALSE
	EndGlobalSection
	GlobalSection(ExtensibilityGlobals) = postSolution
		SolutionGuid = {FFAFBF1A-5422-4894-ACA6-848884399A4D}
	EndGlobalSection
EndGlobal
